
Microsoft Visual Studio Solution File, Format Version 12.00
# Visual Studio Version 17
VisualStudioVersion = 17.14.36127.28 d17.14
MinimumVisualStudioVersion = 10.0.40219.1
Project("{FAE04EC0-301F-11D3-BF4B-00C04F79EFBC}") = "RestApi", "RestApi.csproj", "{92335117-2798-4FE4-91D8-E291820B733D}"
EndProject
Global
	GlobalSection(SolutionConfigurationPlatforms) = preSolution
		Debug|Any CPU = Debug|Any CPU
		Release|Any CPU = Release|Any CPU
	EndGlobalSection
	GlobalSection(ProjectConfigurationPlatforms) = postSolution
		{92335117-2798-4FE4-91D8-E291820B733D}.Debug|Any CPU.ActiveCfg = Debug|Any CPU
		{92335117-2798-4FE4-91D8-E291820B733D}.Debug|Any CPU.Build.0 = Debug|Any CPU
		{92335117-2798-4FE4-91D8-E291820B733D}.Release|Any CPU.ActiveCfg = Release|Any CPU
		{92335117-2798-4FE4-91D8-E291820B733D}.Release|Any CPU.Build.0 = Release|Any CPU
	EndGlobalSection
	GlobalSection(SolutionProperties) = preSolution
		HideSolutionNode = FALSE
	EndGlobalSection
	GlobalSection(ExtensibilityGlobals) = postSolution
		SolutionGuid = {F392A015-A335-4C76-BFFE-45CA91B203E5}
	EndGlobalSection
EndGlobal
